{
  "version": 4,
  "terraform_version": "1.3.7",
  "serial": 2,
  "lineage": "bcee32f6-207d-c535-c0ec-baa8c0f480ed",
  "outputs": {
    "compliments_database_document_api_endpoint": {
      "value": "https://docapi.serverless.yandexcloud.net/ru-central1/b1gd63eh2qj3euded36k/etnraaqbp75291917d5n",
      "type": "string"
    },
    "compliments_database_path": {
      "value": "/ru-central1/b1gd63eh2qj3euded36k/etnraaqbp75291917d5n",
      "type": "string"
    }
  },
  "resources": [
    {
      "mode": "managed",
      "type": "yandex_ydb_database_serverless",
      "name": "compliments_database",
      "provider": "provider[\"registry.terraform.io/yandex-cloud/yandex\"]",
      "instances": [
        {
          "schema_version": 0,
          "attributes": {
            "created_at": "2023-01-15T11:15:50Z",
            "database_path": "/ru-central1/b1gd63eh2qj3euded36k/etnraaqbp75291917d5n",
            "deletion_protection": false,
            "description": "",
            "document_api_endpoint": "https://docapi.serverless.yandexcloud.net/ru-central1/b1gd63eh2qj3euded36k/etnraaqbp75291917d5n",
            "folder_id": "b1giifl9fbp0o43nd7fr",
            "id": "etnraaqbp75291917d5n",
            "labels": null,
            "location_id": "ru-central1",
            "name": "compliments-database",
            "status": "RUNNING",
            "timeouts": null,
            "tls_enabled": true,
            "ydb_api_endpoint": "ydb.serverless.yandexcloud.net:2135",
            "ydb_full_endpoint": "grpcs://ydb.serverless.yandexcloud.net:2135/?database=/ru-central1/b1gd63eh2qj3euded36k/etnraaqbp75291917d5n"
          },
          "sensitive_attributes": [],
          "private": "eyJlMmJmYjczMC1lY2FhLTExZTYtOGY4OC0zNDM2M2JjN2M0YzAiOnsiY3JlYXRlIjo2MDAwMDAwMDAwMDAsImRlZmF1bHQiOjYwMDAwMDAwMDAwMCwiZGVsZXRlIjo2MDAwMDAwMDAwMDAsInJlYWQiOjYwMDAwMDAwMDAwMCwidXBkYXRlIjo2MDAwMDAwMDAwMDB9fQ=="
        }
      ]
    }
  ],
  "check_results": null
}
